{
  "version": "5",
  "specifiers": {
    "jsr:@gfx/canvas-wasm@~0.4.2": "0.4.2",
    "jsr:@std/encoding@1.0.5": "1.0.5",
    "jsr:@std/fs@^1.0.23": "1.0.23",
    "jsr:@std/internal@^1.0.12": "1.0.12",
    "jsr:@std/path@^1.1.4": "1.1.4",
    "npm:marked@^17.0.3": "17.0.3"
  },
  "jsr": {
    "@gfx/canvas-wasm@0.4.2": {
      "integrity": "d653be3bd12cb2fa9bbe5d1b1f041a81b91d80b68502761204aaf60e4592532a",
      "dependencies": [
        "jsr:@std/encoding"
      ]
    },
    "@std/encoding@1.0.5": {
      "integrity": "ecf363d4fc25bd85bd915ff6733a7e79b67e0e7806334af15f4645c569fefc04"
    },
    "@std/fs@1.0.23": {
      "integrity": "3ecbae4ce4fee03b180fa710caff36bb5adb66631c46a6460aaad49515565a37",
      "dependencies": [
        "jsr:@std/internal",
        "jsr:@std/path"
      ]
    },
    "@std/internal@1.0.12": {
      "integrity": "972a634fd5bc34b242024402972cd5143eac68d8dffaca5eaa4dba30ce17b027"
    },
    "@std/path@1.1.4": {
      "integrity": "1d2d43f39efb1b42f0b1882a25486647cb851481862dc7313390b2bb044314b5",
      "dependencies": [
        "jsr:@std/internal"
      ]
    }
  },
  "npm": {
    "marked@17.0.3": {
      "integrity": "sha512-jt1v2ObpyOKR8p4XaUJVk3YWRJ5n+i4+rjQopxvV32rSndTJXvIzuUdWWIy/1pFQMkQmvTXawzDNqOH/CUmx6A==",
      "bin": true
    }
  },
  "workspace": {
    "dependencies": [
      "jsr:@gfx/canvas-wasm@~0.4.2",
      "jsr:@std/fs@^1.0.23",
      "npm:marked@^17.0.3"
    ]
  }
}
